
Microsoft Visual Studio Solution File, Format Version 12.00
# Visual Studio Version 17
VisualStudioVersion = 17.6.33815.320
MinimumVisualStudioVersion = 10.0.40219.1
Project("{FAE04EC0-301F-11D3-BF4B-00C04F79EFBC}") = "MenuDinamicoAPI", "MenuDinamicoAPI.csproj", "{07C05573-B274-4757-80E9-10EBC73D3924}"
EndProject
Global
	GlobalSection(SolutionConfigurationPlatforms) = preSolution
		Debug|Any CPU = Debug|Any CPU
		Release|Any CPU = Release|Any CPU
	EndGlobalSection
	GlobalSection(ProjectConfigurationPlatforms) = postSolution
		{07C05573-B274-4757-80E9-10EBC73D3924}.Debug|Any CPU.ActiveCfg = Debug|Any CPU
		{07C05573-B274-4757-80E9-10EBC73D3924}.Debug|Any CPU.Build.0 = Debug|Any CPU
		{07C05573-B274-4757-80E9-10EBC73D3924}.Release|Any CPU.ActiveCfg = Release|Any CPU
		{07C05573-B274-4757-80E9-10EBC73D3924}.Release|Any CPU.Build.0 = Release|Any CPU
	EndGlobalSection
	GlobalSection(SolutionProperties) = preSolution
		HideSolutionNode = FALSE
	EndGlobalSection
	GlobalSection(ExtensibilityGlobals) = postSolution
		SolutionGuid = {5A0492E5-9114-4891-987C-4503A08478D0}
	EndGlobalSection
EndGlobal
